
Microsoft Visual Studio Solution File, Format Version 12.00
# Visual Studio Version 17
VisualStudioVersion = 17.7.34024.191
MinimumVisualStudioVersion = 10.0.40219.1
Project("{FAE04EC0-301F-11D3-BF4B-00C04F79EFBC}") = "DPA.Store.API", "DPA.Store.API\DPA.Store.API.csproj", "{9E33FBB9-6242-4C65-8D8C-EB46032E6A45}"
EndProject
Project("{FAE04EC0-301F-11D3-BF4B-00C04F79EFBC}") = "DPA.Store.DOMAIN", "DPA.Store.DOMAIN\DPA.Store.DOMAIN.csproj", "{7AAFF7E2-55E2-49B2-B5D1-AD459673AC67}"
EndProject
Project("{00D1A9C2-B5F0-4AF3-8072-F6C62B433612}") = "DPA.Store.DATABASE", "DPA.Store.DATABASE\DPA.Store.DATABASE.sqlproj", "{7DC88F4B-DE03-4783-A32F-C103F82FFAF2}"
EndProject
Global
	GlobalSection(SolutionConfigurationPlatforms) = preSolution
		Debug|Any CPU = Debug|Any CPU
		Release|Any CPU = Release|Any CPU
	EndGlobalSection
	GlobalSection(ProjectConfigurationPlatforms) = postSolution
		{9E33FBB9-6242-4C65-8D8C-EB46032E6A45}.Debug|Any CPU.ActiveCfg = Debug|Any CPU
		{9E33FBB9-6242-4C65-8D8C-EB46032E6A45}.Debug|Any CPU.Build.0 = Debug|Any CPU
		{9E33FBB9-6242-4C65-8D8C-EB46032E6A45}.Release|Any CPU.ActiveCfg = Release|Any CPU
		{9E33FBB9-6242-4C65-8D8C-EB46032E6A45}.Release|Any CPU.Build.0 = Release|Any CPU
		{7AAFF7E2-55E2-49B2-B5D1-AD459673AC67}.Debug|Any CPU.ActiveCfg = Debug|Any CPU
		{7AAFF7E2-55E2-49B2-B5D1-AD459673AC67}.Debug|Any CPU.Build.0 = Debug|Any CPU
		{7AAFF7E2-55E2-49B2-B5D1-AD459673AC67}.Release|Any CPU.ActiveCfg = Release|Any CPU
		{7AAFF7E2-55E2-49B2-B5D1-AD459673AC67}.Release|Any CPU.Build.0 = Release|Any CPU
		{7DC88F4B-DE03-4783-A32F-C103F82FFAF2}.Debug|Any CPU.ActiveCfg = Debug|Any CPU
		{7DC88F4B-DE03-4783-A32F-C103F82FFAF2}.Debug|Any CPU.Build.0 = Debug|Any CPU
		{7DC88F4B-DE03-4783-A32F-C103F82FFAF2}.Debug|Any CPU.Deploy.0 = Debug|Any CPU
		{7DC88F4B-DE03-4783-A32F-C103F82FFAF2}.Release|Any CPU.ActiveCfg = Release|Any CPU
		{7DC88F4B-DE03-4783-A32F-C103F82FFAF2}.Release|Any CPU.Build.0 = Release|Any CPU
		{7DC88F4B-DE03-4783-A32F-C103F82FFAF2}.Release|Any CPU.Deploy.0 = Release|Any CPU
	EndGlobalSection
	GlobalSection(SolutionProperties) = preSolution
		HideSolutionNode = FALSE
	EndGlobalSection
	GlobalSection(ExtensibilityGlobals) = postSolution
		SolutionGuid = {1920D190-37F8-4739-ACEA-2998B59F652F}
	EndGlobalSection
EndGlobal
